schema: '2.0'
stages:
  prepare:
    cmd: python src/data_prep.py
    deps:
    - path: data/raw
      hash: md5
      md5: b2c461b1b0bcb7a0a2318d5be1f13758.dir
      size: 866190740
      nfiles: 25002
    - path: src/data_prep.py
      hash: md5
      md5: 57e29de958f732737bdbe8e34cf5ca51
      size: 2550
    params:
      params.yaml:
        prepare.img_size: 128
    outs:
    - path: data/processed
      hash: md5
      md5: fb50443d750c545c540d66c2b7c870ca.dir
      size: 99704565
      nfiles: 24998
  train:
    cmd: python src/train.py
    deps:
    - path: data/processed
      hash: md5
      md5: fb50443d750c545c540d66c2b7c870ca.dir
      size: 99704565
      nfiles: 24998
    - path: src/train.py
      hash: md5
      md5: 20fb389bbe857c71b0e3303bd439674e
      size: 2556
    params:
      params.yaml:
        prepare.img_size: 128
        train.batch_size: 32
        train.epochs: 3
    outs:
    - path: metrics.json
      hash: md5
      md5: 4dca825c6d1ff732c5c2c28a21b2a323
      size: 71
    - path: models/model.keras
      hash: md5
      md5: 78eebc15dbed8cb5091978b707afd79e
      size: 88748971
